// !$*UTF8*$!
{
	archiveVersion = 1;
	classes = {
	};
	objectVersion = 50;
	objects = {

/* Begin PBXBuildFile section */
		D943919523DCC6CA00722CFB /* AppDelegate.swift in Sources */ = {isa = PBXBuildFile; fileRef = D943919423DCC6CA00722CFB /* AppDelegate.swift */; };
		D943919723DCC6CA00722CFB /* SceneDelegate.swift in Sources */ = {isa = PBXBuildFile; fileRef = D943919623DCC6CA00722CFB /* SceneDelegate.swift */; };
		D943919923DCC6CA00722CFB /* ViewController.swift in Sources */ = {isa = PBXBuildFile; fileRef = D943919823DCC6CA00722CFB /* ViewController.swift */; };
		D943919C23DCC6CA00722CFB /* Main.storyboard in Resources */ = {isa = PBXBuildFile; fileRef = D943919A23DCC6CA00722CFB /* Main.storyboard */; };
		D943919E23DCC6CC00722CFB /* Assets.xcassets in Resources */ = {isa = PBXBuildFile; fileRef = D943919D23DCC6CC00722CFB /* Assets.xcassets */; };
		D94391A123DCC6CC00722CFB /* LaunchScreen.storyboard in Resources */ = {isa = PBXBuildFile; fileRef = D943919F23DCC6CC00722CFB /* LaunchScreen.storyboard */; };
/* End PBXBuildFile section */

/* Begin PBXFileReference section */
		D943919123DCC6CA00722CFB /* ColorMakerUI.app */ = {isa = PBXFileReference; explicitFileType = wrapper.application; includeInIndex = 0; path = ColorMakerUI.app; sourceTree = BUILT_PRODUCTS_DIR; };
		D943919423DCC6CA00722CFB /* AppDelegate.swift */ = {isa = PBXFileReference; lastKnownFileType = sourcecode.swift; path = AppDelegate.swift; sourceTree = "<group>"; };
		D943919623DCC6CA00722CFB /* SceneDelegate.swift */ = {isa = PBXFileReference; lastKnownFileType = sourcecode.swift; path = SceneDelegate.swift; sourceTree = "<group>"; };
		D943919823DCC6CA00722CFB /* ViewController.swift */ = {isa = PBXFileReference; lastKnownFileType = sourcecode.swift; path = ViewController.swift; sourceTree = "<group>"; };
		D943919B23DCC6CA00722CFB /* Base */ = {isa = PBXFileReference; lastKnownFileType = file.storyboard; name = Base; path = Base.lproj/Main.storyboard; sourceTree = "<group>"; };
		D943919D23DCC6CC00722CFB /* Assets.xcassets */ = {isa = PBXFileReference; lastKnownFileType = folder.assetcatalog; path = Assets.xcassets; sourceTree = "<group>"; };
		D94391A023DCC6CC00722CFB /* Base */ = {isa = PBXFileReference; lastKnownFileType = file.storyboard; name = Base; path = Base.lproj/LaunchScreen.storyboard; sourceTree = "<group>"; };
		D94391A223DCC6CC00722CFB /* Info.plist */ = {isa = PBXFileReference; lastKnownFileType = text.plist.xml; path = Info.plist; sourceTree = "<group>"; };
/* End PBXFileReference section */

/* Begin PBXFrameworksBuildPhase section */
		D943918E23DCC6CA00722CFB /* Frameworks */ = {
			isa = PBXFrameworksBuildPhase;
			buildActionMask = 2147483647;
			files = (
			);
			runOnlyForDeploymentPostprocessing = 0;
		};
/* End PBXFrameworksBuildPhase section */

/* Begin PBXGroup section */
		D943918823DCC6CA00722CFB = {
			isa = PBXGroup;
			children = (
				D943919323DCC6CA00722CFB /* ColorMakerUI */,
				D943919223DCC6CA00722CFB /* Products */,
			);
			sourceTree = "<group>";
		};
		D943919223DCC6CA00722CFB /* Products */ = {
			isa = PBXGroup;
			children = (
				D943919123DCC6CA00722CFB /* ColorMakerUI.app */,
			);
			name = Products;
			sourceTree = "<group>";
		};
		D943919323DCC6CA00722CFB /* ColorMakerUI */ = {
			isa = PBXGroup;
			children = (
				D943919423DCC6CA00722CFB /* AppDelegate.swift */,
				D943919623DCC6CA00722CFB /* SceneDelegate.swift */,
				D943919823DCC6CA00722CFB /* ViewController.swift */,
				D943919A23DCC6CA00722CFB /* Main.storyboard */,
				D943919D23DCC6CC00722CFB /* Assets.xcassets */,
				D943919F23DCC6CC00722CFB /* LaunchScreen.storyboard */,
				D94391A223DCC6CC00722CFB /* Info.plist */,
			);
			path = ColorMakerUI;
			sourceTree = "<group>";
		};
/* End PBXGroup section */

/* Begin PBXNativeTarget section */
		D943919023DCC6CA00722CFB /* ColorMakerUI */ = {
			isa = PBXNativeTarget;
			buildConfigurationList = D94391A523DCC6CC00722CFB /* Build configuration list for PBXNativeTarget "ColorMakerUI" */;
			buildPhases = (
				D943918D23DCC6CA00722CFB /* Sources */,
				D943918E23DCC6CA00722CFB /* Frameworks */,
				D943918F23DCC6CA00722CFB /* Resources */,
			);
			buildRules = (
			);
			dependencies = (
			);
			name = ColorMakerUI;
			productName = ColorMakerUI;
			productReference = D943919123DCC6CA00722CFB /* ColorMakerUI.app */;
			productType = "com.apple.product-type.application";
		};
/* End PBXNativeTarget section */

/* Begin PBXProject section */
		D943918923DCC6CA00722CFB /* Project object */ = {
			isa = PBXProject;
			attributes = {
				LastSwiftUpdateCheck = 1130;
				LastUpgradeCheck = 1130;
				ORGANIZATIONNAME = ByRamon;
				TargetAttributes = {
					D943919023DCC6CA00722CFB = {
						CreatedOnToolsVersion = 11.3;
					};
				};
			};
			buildConfigurationList = D943918C23DCC6CA00722CFB /* Build configuration list for PBXProject "ColorMakerUI" */;
			compatibilityVersion = "Xcode 9.3";
			developmentRegion = en;
			hasScannedForEncodings = 0;
			knownRegions = (
				en,
				Base,
			);
			mainGroup = D943918823DCC6CA00722CFB;
			productRefGroup = D943919223DCC6CA00722CFB /* Products */;
			projectDirPath = "";
			projectRoot = "";
			targets = (
				D943919023DCC6CA00722CFB /* ColorMakerUI */,
			);
		};
/* End PBXProject section */

/* Begin PBXResourcesBuildPhase section */
		D943918F23DCC6CA00722CFB /* Resources */ = {
			isa = PBXResourcesBuildPhase;
			buildActionMask = 2147483647;
			files = (
				D94391A123DCC6CC00722CFB /* LaunchScreen.storyboard in Resources */,
				D943919E23DCC6CC00722CFB /* Assets.xcassets in Resources */,
				D943919C23DCC6CA00722CFB /* Main.storyboard in Resources */,
			);
			runOnlyForDeploymentPostprocessing = 0;
		};
/* End PBXResourcesBuildPhase section */

/* Begin PBXSourcesBuildPhase section */
		D943918D23DCC6CA00722CFB /* Sources */ = {
			isa = PBXSourcesBuildPhase;
			buildActionMask = 2147483647;
			files = (
				D943919923DCC6CA00722CFB /* ViewController.swift in Sources */,
				D943919523DCC6CA00722CFB /* AppDelegate.swift in Sources */,
				D943919723DCC6CA00722CFB /* SceneDelegate.swift in Sources */,
			);
			runOnlyForDeploymentPostprocessing = 0;
		};
/* End PBXSourcesBuildPhase section */

/* Begin PBXVariantGroup section */
		D943919A23DCC6CA00722CFB /* Main.storyboard */ = {
			isa = PBXVariantGroup;
			children = (
				D943919B23DCC6CA00722CFB /* Base */,
			);
			name = Main.storyboard;
			sourceTree = "<group>";
		};
		D943919F23DCC6CC00722CFB /* LaunchScreen.storyboard */ = {
			isa = PBXVariantGroup;
			children = (
				D94391A023DCC6CC00722CFB /* Base */,
			);
			name = LaunchScreen.storyboard;
			sourceTree = "<group>";
		};
/* End PBXVariantGroup section */

/* Begin XCBuildConfiguration section */
		D94391A323DCC6CC00722CFB /* Debug */ = {
			isa = XCBuildConfiguration;
			buildSettings = {
				ALWAYS_SEARCH_USER_PATHS = NO;
				CLANG_ANALYZER_NONNULL = YES;
				CLANG_ANALYZER_NUMBER_OBJECT_CONVERSION = YES_AGGRESSIVE;
				CLANG_CXX_LANGUAGE_STANDARD = "gnu++14";
				CLANG_CXX_LIBRARY = "libc++";
				CLANG_ENABLE_MODULES = YES;
				CLANG_ENABLE_OBJC_ARC = YES;
				CLANG_ENABLE_OBJC_WEAK = YES;
				CLANG_WARN_BLOCK_CAPTURE_AUTORELEASING = YES;
				CLANG_WARN_BOOL_CONVERSION = YES;
				CLANG_WARN_COMMA = YES;
				CLANG_WARN_CONSTANT_CONVERSION = YES;
				CLANG_WARN_DEPRECATED_OBJC_IMPLEMENTATIONS = YES;
				CLANG_WARN_DIRECT_OBJC_ISA_USAGE = YES_ERROR;
				CLANG_WARN_DOCUMENTATION_COMMENTS = YES;
				CLANG_WARN_EMPTY_BODY = YES;
				CLANG_WARN_ENUM_CONVERSION = YES;
				CLANG_WARN_INFINITE_RECURSION = YES;
				CLANG_WARN_INT_CONVERSION = YES;
				CLANG_WARN_NON_LITERAL_NULL_CONVERSION = YES;
				CLANG_WARN_OBJC_IMPLICIT_RETAIN_SELF = YES;
				CLANG_WARN_OBJC_LITERAL_CONVERSION = YES;
				CLANG_WARN_OBJC_ROOT_CLASS = YES_ERROR;
				CLANG_WARN_RANGE_LOOP_ANALYSIS = YES;
				CLANG_WARN_STRICT_PROTOTYPES = YES;
				CLANG_WARN_SUSPICIOUS_MOVE = YES;
				CLANG_WARN_UNGUARDED_AVAILABILITY = YES_AGGRESSIVE;
				CLANG_WARN_UNREACHABLE_CODE = YES;
				CLANG_WARN__DUPLICATE_METHOD_MATCH = YES;
				COPY_PHASE_STRIP = NO;
				DEBUG_INFORMATION_FORMAT = dwarf;
				ENABLE_STRICT_OBJC_MSGSEND = YES;
				ENABLE_TESTABILITY = YES;
				GCC_C_LANGUAGE_STANDARD = gnu11;
				GCC_DYNAMIC_NO_PIC = NO;
				GCC_NO_COMMON_BLOCKS = YES;
				GCC_OPTIMIZATION_LEVEL = 0;
				GCC_PREPROCESSOR_DEFINITIONS = (
					"DEBUG=1",
					"$(inherited)",
				);
				GCC_WARN_64_TO_32_BIT_CONVERSION = YES;
				GCC_WARN_ABOUT_RETURN_TYPE = YES_ERROR;
				GCC_WARN_UNDECLARED_SELECTOR = YES;
				GCC_WARN_UNINITIALIZED_AUTOS = YES_AGGRESSIVE;
				GCC_WARN_UNUSED_FUNCTION = YES;
				GCC_WARN_UNUSED_VARIABLE = YES;
				IPHONEOS_DEPLOYMENT_TARGET = 13.2;
				MTL_ENABLE_DEBUG_INFO = INCLUDE_SOURCE;
				MTL_FAST_MATH = YES;
				ONLY_ACTIVE_ARCH = YES;
				SDKROOT = iphoneos;
				SWIFT_ACTIVE_COMPILATION_CONDITIONS = DEBUG;
				SWIFT_OPTIMIZATION_LEVEL = "-Onone";
			};
			name = Debug;
		};
		D94391A423DCC6CC00722CFB /* Release */ = {
			isa = XCBuildConfiguration;
			buildSettings = {
				ALWAYS_SEARCH_USER_PATHS = NO;
				CLANG_ANALYZER_NONNULL = YES;
				CLANG_ANALYZER_NUMBER_OBJECT_CONVERSION = YES_AGGRESSIVE;
				CLANG_CXX_LANGUAGE_STANDARD = "gnu++14";
				CLANG_CXX_LIBRARY = "libc++";
				CLANG_ENABLE_MODULES = YES;
				CLANG_ENABLE_OBJC_ARC = YES;
				CLANG_ENABLE_OBJC_WEAK = YES;
				CLANG_WARN_BLOCK_CAPTURE_AUTORELEASING = YES;
				CLANG_WARN_BOOL_CONVERSION = YES;
				CLANG_WARN_COMMA = YES;
				CLANG_WARN_CONSTANT_CONVERSION = YES;
				CLANG_WARN_DEPRECATED_OBJC_IMPLEMENTATIONS = YES;
				CLANG_WARN_DIRECT_OBJC_ISA_USAGE = YES_ERROR;
				CLANG_WARN_DOCUMENTATION_COMMENTS = YES;
				CLANG_WARN_EMPTY_BODY = YES;
				CLANG_WARN_ENUM_CONVERSION = YES;
				CLANG_WARN_INFINITE_RECURSION = YES;
				CLANG_WARN_INT_CONVERSION = YES;
				CLANG_WARN_NON_LITERAL_NULL_CONVERSION = YES;
				CLANG_WARN_OBJC_IMPLICIT_RETAIN_SELF = YES;
				CLANG_WARN_OBJC_LITERAL_CONVERSION = YES;
				CLANG_WARN_OBJC_ROOT_CLASS = YES_ERROR;
				CLANG_WARN_RANGE_LOOP_ANALYSIS = YES;
				CLANG_WARN_STRICT_PROTOTYPES = YES;
				CLANG_WARN_SUSPICIOUS_MOVE = YES;
				CLANG_WARN_UNGUARDED_AVAILABILITY = YES_AGGRESSIVE;
				CLANG_WARN_UNREACHABLE_CODE = YES;
				CLANG_WARN__DUPLICATE_METHOD_MATCH = YES;
				COPY_PHASE_STRIP = NO;
				DEBUG_INFORMATION_FORMAT = "dwarf-with-dsym";
				ENABLE_NS_ASSERTIONS = NO;
				ENABLE_STRICT_OBJC_MSGSEND = YES;
				GCC_C_LANGUAGE_STANDARD = gnu11;
				GCC_NO_COMMON_BLOCKS = YES;
				GCC_WARN_64_TO_32_BIT_CONVERSION = YES;
				GCC_WARN_ABOUT_RETURN_TYPE = YES_ERROR;
				GCC_WARN_UNDECLARED_SELECTOR = YES;
				GCC_WARN_UNINITIALIZED_AUTOS = YES_AGGRESSIVE;
				GCC_WARN_UNUSED_FUNCTION = YES;
				GCC_WARN_UNUSED_VARIABLE = YES;
				IPHONEOS_DEPLOYMENT_TARGET = 13.2;
				MTL_ENABLE_DEBUG_INFO = NO;
				MTL_FAST_MATH = YES;
				SDKROOT = iphoneos;
				SWIFT_COMPILATION_MODE = wholemodule;
				SWIFT_OPTIMIZATION_LEVEL = "-O";
				VALIDATE_PRODUCT = YES;
			};
			name = Release;
		};
		D94391A623DCC6CC00722CFB /* Debug */ = {
			isa = XCBuildConfiguration;
			buildSettings = {
				ASSETCATALOG_COMPILER_APPICON_NAME = AppIcon;
				CODE_SIGN_STYLE = Automatic;
				DEVELOPMENT_TEAM = 7GX7MKQC59;
				INFOPLIST_FILE = ColorMakerUI/Info.plist;
				LD_RUNPATH_SEARCH_PATHS = (
					"$(inherited)",
					"@executable_path/Frameworks",
				);
				PRODUCT_BUNDLE_IDENTIFIER = ByRamon.ColorMakerUI;
				PRODUCT_NAME = "$(TARGET_NAME)";
				SWIFT_VERSION = 5.0;
				TARGETED_DEVICE_FAMILY = "1,2";
			};
			name = Debug;
		};
		D94391A723DCC6CC00722CFB /* Release */ = {
			isa = XCBuildConfiguration;
			buildSettings = {
				ASSETCATALOG_COMPILER_APPICON_NAME = AppIcon;
				CODE_SIGN_STYLE = Automatic;
				DEVELOPMENT_TEAM = 7GX7MKQC59;
				INFOPLIST_FILE = ColorMakerUI/Info.plist;
				LD_RUNPATH_SEARCH_PATHS = (
					"$(inherited)",
					"@executable_path/Frameworks",
				);
				PRODUCT_BUNDLE_IDENTIFIER = ByRamon.ColorMakerUI;
				PRODUCT_NAME = "$(TARGET_NAME)";
				SWIFT_VERSION = 5.0;
				TARGETED_DEVICE_FAMILY = "1,2";
			};
			name = Release;
		};
/* End XCBuildConfiguration section */

/* Begin XCConfigurationList section */
		D943918C23DCC6CA00722CFB /* Build configuration list for PBXProject "ColorMakerUI" */ = {
			isa = XCConfigurationList;
			buildConfigurations = (
				D94391A323DCC6CC00722CFB /* Debug */,
				D94391A423DCC6CC00722CFB /* Release */,
			);
			defaultConfigurationIsVisible = 0;
			defaultConfigurationName = Release;
		};
		D94391A523DCC6CC00722CFB /* Build configuration list for PBXNativeTarget "ColorMakerUI" */ = {
			isa = XCConfigurationList;
			buildConfigurations = (
				D94391A623DCC6CC00722CFB /* Debug */,
				D94391A723DCC6CC00722CFB /* Release */,
			);
			defaultConfigurationIsVisible = 0;
			defaultConfigurationName = Release;
		};
/* End XCConfigurationList section */
	};
	rootObject = D943918923DCC6CA00722CFB /* Project object */;
}
